
Microsoft Visual Studio Solution File, Format Version 12.00
# Visual Studio Version 17
VisualStudioVersion = 17.9.34902.65
MinimumVisualStudioVersion = 10.0.40219.1
Project("{9A19103F-16F7-4668-BE54-9A1E7A4F7556}") = "EasyCalc", "EasyCalc\EasyCalc.csproj", "{77764FB3-31D8-4A33-B049-322C1D532189}"
EndProject
Project("{FAE04EC0-301F-11D3-BF4B-00C04F79EFBC}") = "EasyCalc.Tests", "EasyCalc.Tests\EasyCalc.Tests.csproj", "{B374FCCF-77DD-4692-8FC6-A7D7D7DF2C2B}"
EndProject
Project("{FAE04EC0-301F-11D3-BF4B-00C04F79EFBC}") = "FunctionComposeLibrary", "FunctionComposeLibrary\FunctionComposeLibrary.csproj", "{6A605255-5756-4C93-B88D-DA49D7D0C198}"
EndProject
Project("{FAE04EC0-301F-11D3-BF4B-00C04F79EFBC}") = "ExpressionParser", "ExpressionParser\ExpressionParser.csproj", "{8E2A0503-CA55-402A-BBD4-05612DC53F16}"
EndProject
Project("{FAE04EC0-301F-11D3-BF4B-00C04F79EFBC}") = "VariableParsingLibrary", "VariableParsingLibrary\VariableParsingLibrary.csproj", "{9FE3DB5B-87C3-45B7-A839-A5D87B687CE6}"
EndProject
Global
	GlobalSection(SolutionConfigurationPlatforms) = preSolution
		Debug|Any CPU = Debug|Any CPU
		Release|Any CPU = Release|Any CPU
	EndGlobalSection
	GlobalSection(ProjectConfigurationPlatforms) = postSolution
		{77764FB3-31D8-4A33-B049-322C1D532189}.Debug|Any CPU.ActiveCfg = Debug|Any CPU
		{77764FB3-31D8-4A33-B049-322C1D532189}.Debug|Any CPU.Build.0 = Debug|Any CPU
		{77764FB3-31D8-4A33-B049-322C1D532189}.Debug|Any CPU.Deploy.0 = Debug|Any CPU
		{77764FB3-31D8-4A33-B049-322C1D532189}.Release|Any CPU.ActiveCfg = Release|Any CPU
		{77764FB3-31D8-4A33-B049-322C1D532189}.Release|Any CPU.Build.0 = Release|Any CPU
		{77764FB3-31D8-4A33-B049-322C1D532189}.Release|Any CPU.Deploy.0 = Release|Any CPU
		{9FE3DB5B-87C3-45B7-A839-A5D87B687CE6}.Debug|Any CPU.ActiveCfg = Debug|Any CPU
		{9FE3DB5B-87C3-45B7-A839-A5D87B687CE6}.Debug|Any CPU.Build.0 = Debug|Any CPU
		{9FE3DB5B-87C3-45B7-A839-A5D87B687CE6}.Release|Any CPU.ActiveCfg = Release|Any CPU
		{9FE3DB5B-87C3-45B7-A839-A5D87B687CE6}.Release|Any CPU.Build.0 = Release|Any CPU
		{B374FCCF-77DD-4692-8FC6-A7D7D7DF2C2B}.Debug|Any CPU.ActiveCfg = Debug|Any CPU
		{B374FCCF-77DD-4692-8FC6-A7D7D7DF2C2B}.Debug|Any CPU.Build.0 = Debug|Any CPU
		{B374FCCF-77DD-4692-8FC6-A7D7D7DF2C2B}.Release|Any CPU.ActiveCfg = Release|Any CPU
		{B374FCCF-77DD-4692-8FC6-A7D7D7DF2C2B}.Release|Any CPU.Build.0 = Release|Any CPU
		{6A605255-5756-4C93-B88D-DA49D7D0C198}.Debug|Any CPU.ActiveCfg = Debug|Any CPU
		{6A605255-5756-4C93-B88D-DA49D7D0C198}.Debug|Any CPU.Build.0 = Debug|Any CPU
		{6A605255-5756-4C93-B88D-DA49D7D0C198}.Release|Any CPU.ActiveCfg = Release|Any CPU
		{6A605255-5756-4C93-B88D-DA49D7D0C198}.Release|Any CPU.Build.0 = Release|Any CPU
		{8E2A0503-CA55-402A-BBD4-05612DC53F16}.Debug|Any CPU.ActiveCfg = Debug|Any CPU
		{8E2A0503-CA55-402A-BBD4-05612DC53F16}.Debug|Any CPU.Build.0 = Debug|Any CPU
		{8E2A0503-CA55-402A-BBD4-05612DC53F16}.Release|Any CPU.ActiveCfg = Release|Any CPU
		{8E2A0503-CA55-402A-BBD4-05612DC53F16}.Release|Any CPU.Build.0 = Release|Any CPU
	EndGlobalSection
	GlobalSection(SolutionProperties) = preSolution
		HideSolutionNode = FALSE
	EndGlobalSection
	GlobalSection(ExtensibilityGlobals) = postSolution
		SolutionGuid = {5E5DEE09-68F0-43AD-9386-B8C552093C74}
	EndGlobalSection
EndGlobal
